# This file is automatically @generated by Cargo.
# It is not real – run `cargo generate-lockfile` in a real checkout
# Nix build will fail with wrong cargoHash – update accordingly
# See: os/nixos/flake.nix
version = 3

[[package]]
name = "rednode-core"
version = "0.3.1"
dependencies = [
 "anyhow",
 "axum",
 "chrono",
 "config",
 "futures",
 "gethostname",
 "opentelemetry",
 "opentelemetry-otlp",
 "opentelemetry_sdk",
 "qdrant-client",
 "reqwest",
 "serde",
 "serde_json",
 "sha2",
 "sqlx",
 "tokio",
 "tower-http",
 "tracing",
 "tracing-opentelemetry",
 "tracing-subscriber",
 "uuid",
]
